
Microsoft Visual Studio Solution File, Format Version 12.00
# Visual Studio Version 17
VisualStudioVersion = 17.8.34330.188
MinimumVisualStudioVersion = 10.0.40219.1
Project("{FAE04EC0-301F-11D3-BF4B-00C04F79EFBC}") = "AbstractFactory", "AbstractFactory\AbstractFactory.csproj", "{12B7F49B-CB3A-474F-A9C8-3F4BC4A5E457}"
EndProject
Project("{FAE04EC0-301F-11D3-BF4B-00C04F79EFBC}") = "BuilderPattern", "..\BuilderPattern\BuilderPattern.csproj", "{2B422133-8AEB-4FF1-BAF1-543DD4133541}"
EndProject
Global
	GlobalSection(SolutionConfigurationPlatforms) = preSolution
		Debug|Any CPU = Debug|Any CPU
		Release|Any CPU = Release|Any CPU
	EndGlobalSection
	GlobalSection(ProjectConfigurationPlatforms) = postSolution
		{12B7F49B-CB3A-474F-A9C8-3F4BC4A5E457}.Debug|Any CPU.ActiveCfg = Debug|Any CPU
		{12B7F49B-CB3A-474F-A9C8-3F4BC4A5E457}.Debug|Any CPU.Build.0 = Debug|Any CPU
		{12B7F49B-CB3A-474F-A9C8-3F4BC4A5E457}.Release|Any CPU.ActiveCfg = Release|Any CPU
		{12B7F49B-CB3A-474F-A9C8-3F4BC4A5E457}.Release|Any CPU.Build.0 = Release|Any CPU
		{2B422133-8AEB-4FF1-BAF1-543DD4133541}.Debug|Any CPU.ActiveCfg = Debug|Any CPU
		{2B422133-8AEB-4FF1-BAF1-543DD4133541}.Debug|Any CPU.Build.0 = Debug|Any CPU
		{2B422133-8AEB-4FF1-BAF1-543DD4133541}.Release|Any CPU.ActiveCfg = Release|Any CPU
		{2B422133-8AEB-4FF1-BAF1-543DD4133541}.Release|Any CPU.Build.0 = Release|Any CPU
	EndGlobalSection
	GlobalSection(SolutionProperties) = preSolution
		HideSolutionNode = FALSE
	EndGlobalSection
	GlobalSection(ExtensibilityGlobals) = postSolution
		SolutionGuid = {51683F94-4CD9-4AD4-909D-496C21CDB560}
	EndGlobalSection
EndGlobal
