
Microsoft Visual Studio Solution File, Format Version 12.00
# Visual Studio Version 17
VisualStudioVersion = 17.7.34031.279
MinimumVisualStudioVersion = 10.0.40219.1
Project("{FAE04EC0-301F-11D3-BF4B-00C04F79EFBC}") = "WorkFlowEngine", "WorkFlowEngine\WorkFlowEngine.csproj", "{69E07D74-6DE8-48C3-8FA7-6B48B369449E}"
EndProject
Global
	GlobalSection(SolutionConfigurationPlatforms) = preSolution
		Debug|Any CPU = Debug|Any CPU
		Release|Any CPU = Release|Any CPU
	EndGlobalSection
	GlobalSection(ProjectConfigurationPlatforms) = postSolution
		{69E07D74-6DE8-48C3-8FA7-6B48B369449E}.Debug|Any CPU.ActiveCfg = Debug|Any CPU
		{69E07D74-6DE8-48C3-8FA7-6B48B369449E}.Debug|Any CPU.Build.0 = Debug|Any CPU
		{69E07D74-6DE8-48C3-8FA7-6B48B369449E}.Release|Any CPU.ActiveCfg = Release|Any CPU
		{69E07D74-6DE8-48C3-8FA7-6B48B369449E}.Release|Any CPU.Build.0 = Release|Any CPU
	EndGlobalSection
	GlobalSection(SolutionProperties) = preSolution
		HideSolutionNode = FALSE
	EndGlobalSection
	GlobalSection(ExtensibilityGlobals) = postSolution
		SolutionGuid = {0A35590F-E215-4812-A8BD-88FCBAA46BC7}
	EndGlobalSection
EndGlobal
