
Microsoft Visual Studio Solution File, Format Version 12.00
# Visual Studio Version 17
VisualStudioVersion = 17.7.34221.43
MinimumVisualStudioVersion = 10.0.40219.1
Project("{9A19103F-16F7-4668-BE54-9A1E7A4F7556}") = "DemoLibrary", "DemoLibrary\DemoLibrary.csproj", "{A165E5B0-04D8-46F4-9108-1EA277D22DDB}"
EndProject
Project("{9A19103F-16F7-4668-BE54-9A1E7A4F7556}") = "ConsoleUI", "ConsoleUI\ConsoleUI.csproj", "{32D58760-9359-4FCC-87FD-822A786094BE}"
EndProject
Project("{9A19103F-16F7-4668-BE54-9A1E7A4F7556}") = "LinqLibrary", "LinqLibrary\LinqLibrary.csproj", "{B243133D-A051-4735-B509-4A3E988EF5D6}"
EndProject
Project("{9A19103F-16F7-4668-BE54-9A1E7A4F7556}") = "CutFileReader", "CutFileReader\CutFileReader.csproj", "{1536C303-5A8D-4961-9F75-33AF1EA67DE2}"
EndProject
Project("{9A19103F-16F7-4668-BE54-9A1E7A4F7556}") = "DesignPattern", "DesignPattern\DesignPattern.csproj", "{4966A4D7-2990-47AF-BB22-ADC6AF617090}"
EndProject
Project("{9A19103F-16F7-4668-BE54-9A1E7A4F7556}") = "DesignPatternLibrary", "DesignPatternLibrary\DesignPatternLibrary.csproj", "{98D88CE0-75E6-44FB-9CE0-B12C41E912F7}"
EndProject
Project("{9A19103F-16F7-4668-BE54-9A1E7A4F7556}") = "ARIMA", "ARIMA\ARIMA.csproj", "{40DC65AC-BE4D-4C3E-8CB9-EEAE3CAB6D98}"
EndProject
Project("{9A19103F-16F7-4668-BE54-9A1E7A4F7556}") = "nameof", "nameof\nameof.csproj", "{ACC4CC98-D0D3-4497-A72C-03B98C4A57B8}"
EndProject
Project("{FAE04EC0-301F-11D3-BF4B-00C04F79EFBC}") = "Chart", "Chart\Chart.csproj", "{1CF29DD5-8869-452C-80EB-F1A0A6830EE3}"
EndProject
Global
	GlobalSection(SolutionConfigurationPlatforms) = preSolution
		Debug|Any CPU = Debug|Any CPU
		Release|Any CPU = Release|Any CPU
	EndGlobalSection
	GlobalSection(ProjectConfigurationPlatforms) = postSolution
		{A165E5B0-04D8-46F4-9108-1EA277D22DDB}.Debug|Any CPU.ActiveCfg = Debug|Any CPU
		{A165E5B0-04D8-46F4-9108-1EA277D22DDB}.Debug|Any CPU.Build.0 = Debug|Any CPU
		{A165E5B0-04D8-46F4-9108-1EA277D22DDB}.Release|Any CPU.ActiveCfg = Release|Any CPU
		{A165E5B0-04D8-46F4-9108-1EA277D22DDB}.Release|Any CPU.Build.0 = Release|Any CPU
		{32D58760-9359-4FCC-87FD-822A786094BE}.Debug|Any CPU.ActiveCfg = Debug|Any CPU
		{32D58760-9359-4FCC-87FD-822A786094BE}.Debug|Any CPU.Build.0 = Debug|Any CPU
		{32D58760-9359-4FCC-87FD-822A786094BE}.Release|Any CPU.ActiveCfg = Release|Any CPU
		{32D58760-9359-4FCC-87FD-822A786094BE}.Release|Any CPU.Build.0 = Release|Any CPU
		{B243133D-A051-4735-B509-4A3E988EF5D6}.Debug|Any CPU.ActiveCfg = Debug|Any CPU
		{B243133D-A051-4735-B509-4A3E988EF5D6}.Debug|Any CPU.Build.0 = Debug|Any CPU
		{B243133D-A051-4735-B509-4A3E988EF5D6}.Release|Any CPU.ActiveCfg = Release|Any CPU
		{B243133D-A051-4735-B509-4A3E988EF5D6}.Release|Any CPU.Build.0 = Release|Any CPU
		{1536C303-5A8D-4961-9F75-33AF1EA67DE2}.Debug|Any CPU.ActiveCfg = Debug|Any CPU
		{1536C303-5A8D-4961-9F75-33AF1EA67DE2}.Debug|Any CPU.Build.0 = Debug|Any CPU
		{1536C303-5A8D-4961-9F75-33AF1EA67DE2}.Release|Any CPU.ActiveCfg = Release|Any CPU
		{1536C303-5A8D-4961-9F75-33AF1EA67DE2}.Release|Any CPU.Build.0 = Release|Any CPU
		{4966A4D7-2990-47AF-BB22-ADC6AF617090}.Debug|Any CPU.ActiveCfg = Debug|Any CPU
		{4966A4D7-2990-47AF-BB22-ADC6AF617090}.Debug|Any CPU.Build.0 = Debug|Any CPU
		{4966A4D7-2990-47AF-BB22-ADC6AF617090}.Release|Any CPU.ActiveCfg = Release|Any CPU
		{4966A4D7-2990-47AF-BB22-ADC6AF617090}.Release|Any CPU.Build.0 = Release|Any CPU
		{98D88CE0-75E6-44FB-9CE0-B12C41E912F7}.Debug|Any CPU.ActiveCfg = Debug|Any CPU
		{98D88CE0-75E6-44FB-9CE0-B12C41E912F7}.Debug|Any CPU.Build.0 = Debug|Any CPU
		{98D88CE0-75E6-44FB-9CE0-B12C41E912F7}.Release|Any CPU.ActiveCfg = Release|Any CPU
		{98D88CE0-75E6-44FB-9CE0-B12C41E912F7}.Release|Any CPU.Build.0 = Release|Any CPU
		{40DC65AC-BE4D-4C3E-8CB9-EEAE3CAB6D98}.Debug|Any CPU.ActiveCfg = Debug|Any CPU
		{40DC65AC-BE4D-4C3E-8CB9-EEAE3CAB6D98}.Debug|Any CPU.Build.0 = Debug|Any CPU
		{40DC65AC-BE4D-4C3E-8CB9-EEAE3CAB6D98}.Release|Any CPU.ActiveCfg = Release|Any CPU
		{40DC65AC-BE4D-4C3E-8CB9-EEAE3CAB6D98}.Release|Any CPU.Build.0 = Release|Any CPU
		{ACC4CC98-D0D3-4497-A72C-03B98C4A57B8}.Debug|Any CPU.ActiveCfg = Debug|Any CPU
		{ACC4CC98-D0D3-4497-A72C-03B98C4A57B8}.Debug|Any CPU.Build.0 = Debug|Any CPU
		{ACC4CC98-D0D3-4497-A72C-03B98C4A57B8}.Release|Any CPU.ActiveCfg = Release|Any CPU
		{ACC4CC98-D0D3-4497-A72C-03B98C4A57B8}.Release|Any CPU.Build.0 = Release|Any CPU
		{1CF29DD5-8869-452C-80EB-F1A0A6830EE3}.Debug|Any CPU.ActiveCfg = Debug|Any CPU
		{1CF29DD5-8869-452C-80EB-F1A0A6830EE3}.Debug|Any CPU.Build.0 = Debug|Any CPU
		{1CF29DD5-8869-452C-80EB-F1A0A6830EE3}.Release|Any CPU.ActiveCfg = Release|Any CPU
		{1CF29DD5-8869-452C-80EB-F1A0A6830EE3}.Release|Any CPU.Build.0 = Release|Any CPU
	EndGlobalSection
	GlobalSection(SolutionProperties) = preSolution
		HideSolutionNode = FALSE
	EndGlobalSection
	GlobalSection(ExtensibilityGlobals) = postSolution
		SolutionGuid = {CA0557B6-0A43-4304-B06F-4B5F782D2176}
	EndGlobalSection
EndGlobal
